
Microsoft Visual Studio Solution File, Format Version 12.00
Project("{FAE04EC0-301F-11D3-BF4B-00C04F79EFBC}") = "ModsenTask.Web.Auth", "ModsenTask.Web.Auth\ModsenTask.Web.Auth.csproj", "{388C87CE-F1AE-4BA3-8288-E0B980BFA651}"
EndProject
Project("{2150E333-8FDC-42A3-9474-1A3956D46DE8}") = "Web", "Web", "{67B0D9B5-4B70-44FE-8CF7-8271C02EA36A}"
EndProject
Project("{2150E333-8FDC-42A3-9474-1A3956D46DE8}") = "Services", "Services", "{069FA112-59B2-4731-A611-E4A75C1E199D}"
EndProject
Project("{2150E333-8FDC-42A3-9474-1A3956D46DE8}") = "DataAccess", "DataAccess", "{FAC49FD6-ABFA-4955-AD23-B2A8295A5C13}"
EndProject
Project("{2150E333-8FDC-42A3-9474-1A3956D46DE8}") = "Core", "Core", "{C21631BE-BFCC-4E4A-8F83-DDE8EB23DF53}"
EndProject
Project("{FAE04EC0-301F-11D3-BF4B-00C04F79EFBC}") = "ModsenTask.Services.Auth", "ModsenTask.Services.Auth\ModsenTask.Services.Auth.csproj", "{A437BB94-7549-42FE-9A18-0BD61CC58A9F}"
EndProject
Project("{FAE04EC0-301F-11D3-BF4B-00C04F79EFBC}") = "ModsenTask.Services.Auth.Abstractions", "ModsenTask.Services.Auth.Abstractions\ModsenTask.Services.Auth.Abstractions.csproj", "{AEB22275-0D1A-4D1F-A20D-8AE26F333774}"
EndProject
Project("{FAE04EC0-301F-11D3-BF4B-00C04F79EFBC}") = "ModsenTask.DataAccess", "ModsenTask.DataAccess\ModsenTask.DataAccess.csproj", "{04EDC999-B95A-40BB-A2BA-DF404ED66EC8}"
EndProject
Project("{FAE04EC0-301F-11D3-BF4B-00C04F79EFBC}") = "ModsenTask.DataAccess.Domain", "ModsenTask.DataAccess.Domain\ModsenTask.DataAccess.Domain.csproj", "{501E5B0A-D197-4AE2-9620-34A606D44B97}"
EndProject
Project("{FAE04EC0-301F-11D3-BF4B-00C04F79EFBC}") = "ModsenTask.DataAccess.Domain.Abstractions", "ModsenTask.DataAccess.Domain.Abstractions\ModsenTask.DataAccess.Domain.Abstractions.csproj", "{ACA2A7F2-EB4E-4AD4-8B18-5290F2AA17F9}"
EndProject
Project("{FAE04EC0-301F-11D3-BF4B-00C04F79EFBC}") = "ModsenTask.DataAccess.Abstractions", "ModsenTask.DataAccess.Abstractions\ModsenTask.DataAccess.Abstractions.csproj", "{6E888251-4AAD-464C-AF85-68D70ABE4627}"
EndProject
Project("{FAE04EC0-301F-11D3-BF4B-00C04F79EFBC}") = "ModsenTask.Core.Abstractions", "ModsenTask.Core.Abstractions\ModsenTask.Core.Abstractions.csproj", "{EB3F30A8-BA77-4AFC-8FBD-1AB164F21DC2}"
EndProject
Project("{FAE04EC0-301F-11D3-BF4B-00C04F79EFBC}") = "ModsenTask.Core", "ModsenTask.Core\ModsenTask.Core.csproj", "{C9BF5433-D241-4DB7-8CBB-EFF2BABE1A8E}"
EndProject
Project("{FAE04EC0-301F-11D3-BF4B-00C04F79EFBC}") = "ModsenTask.Queries.Event", "ModsenTask.Queries.Event\ModsenTask.Queries.Event.csproj", "{D898C6B4-16DE-4C41-A386-C01B881F6A05}"
EndProject
Project("{FAE04EC0-301F-11D3-BF4B-00C04F79EFBC}") = "ModsenTask.Queries.Event.Abstrations", "ModsenTask.Queries.Event.Abstrations\ModsenTask.Queries.Event.Abstrations.csproj", "{A6C09296-F3EE-4F64-9773-D23FFEFF0D88}"
EndProject
Project("{FAE04EC0-301F-11D3-BF4B-00C04F79EFBC}") = "ModsenTask.Web.Event", "ModsenTask.Web.Event\ModsenTask.Web.Event.csproj", "{FFAAB515-96C9-45F5-96B0-60CEA496CC98}"
EndProject
Project("{FAE04EC0-301F-11D3-BF4B-00C04F79EFBC}") = "ModsenTask.Commans.Event", "ModsenTask.Commans.Event\ModsenTask.Commans.Event.csproj", "{4E896B82-B18E-4C7E-9CA5-5A607E8BF44C}"
EndProject
Project("{FAE04EC0-301F-11D3-BF4B-00C04F79EFBC}") = "ModsenTask.Commans.Event.Abstractions", "ModsenTask.Commans.Event.Abstractions\ModsenTask.Commans.Event.Abstractions.csproj", "{318F36BD-2BA0-4EBC-BB6C-6DBA073060D8}"
EndProject
Project("{FAE04EC0-301F-11D3-BF4B-00C04F79EFBC}") = "ModsenTask.Web.Gateway", "ModsenTask.Web.Gateway\ModsenTask.Web.Gateway.csproj", "{D6E86840-6EE0-4034-B019-B6EDE8B9B66A}"
EndProject
Project("{FAE04EC0-301F-11D3-BF4B-00C04F79EFBC}") = "ModsenTask.Web.Core", "ModsenTask.Web.Core\ModsenTask.Web.Core.csproj", "{7010FC60-47FA-43B0-B198-81A7712ABFDC}"
EndProject
Global
	GlobalSection(SolutionConfigurationPlatforms) = preSolution
		Debug|Any CPU = Debug|Any CPU
		Release|Any CPU = Release|Any CPU
	EndGlobalSection
	GlobalSection(ProjectConfigurationPlatforms) = postSolution
		{388C87CE-F1AE-4BA3-8288-E0B980BFA651}.Debug|Any CPU.ActiveCfg = Debug|Any CPU
		{388C87CE-F1AE-4BA3-8288-E0B980BFA651}.Debug|Any CPU.Build.0 = Debug|Any CPU
		{388C87CE-F1AE-4BA3-8288-E0B980BFA651}.Release|Any CPU.ActiveCfg = Release|Any CPU
		{388C87CE-F1AE-4BA3-8288-E0B980BFA651}.Release|Any CPU.Build.0 = Release|Any CPU
		{A437BB94-7549-42FE-9A18-0BD61CC58A9F}.Debug|Any CPU.ActiveCfg = Debug|Any CPU
		{A437BB94-7549-42FE-9A18-0BD61CC58A9F}.Debug|Any CPU.Build.0 = Debug|Any CPU
		{A437BB94-7549-42FE-9A18-0BD61CC58A9F}.Release|Any CPU.ActiveCfg = Release|Any CPU
		{A437BB94-7549-42FE-9A18-0BD61CC58A9F}.Release|Any CPU.Build.0 = Release|Any CPU
		{AEB22275-0D1A-4D1F-A20D-8AE26F333774}.Debug|Any CPU.ActiveCfg = Debug|Any CPU
		{AEB22275-0D1A-4D1F-A20D-8AE26F333774}.Debug|Any CPU.Build.0 = Debug|Any CPU
		{AEB22275-0D1A-4D1F-A20D-8AE26F333774}.Release|Any CPU.ActiveCfg = Release|Any CPU
		{AEB22275-0D1A-4D1F-A20D-8AE26F333774}.Release|Any CPU.Build.0 = Release|Any CPU
		{04EDC999-B95A-40BB-A2BA-DF404ED66EC8}.Debug|Any CPU.ActiveCfg = Debug|Any CPU
		{04EDC999-B95A-40BB-A2BA-DF404ED66EC8}.Debug|Any CPU.Build.0 = Debug|Any CPU
		{04EDC999-B95A-40BB-A2BA-DF404ED66EC8}.Release|Any CPU.ActiveCfg = Release|Any CPU
		{04EDC999-B95A-40BB-A2BA-DF404ED66EC8}.Release|Any CPU.Build.0 = Release|Any CPU
		{501E5B0A-D197-4AE2-9620-34A606D44B97}.Debug|Any CPU.ActiveCfg = Debug|Any CPU
		{501E5B0A-D197-4AE2-9620-34A606D44B97}.Debug|Any CPU.Build.0 = Debug|Any CPU
		{501E5B0A-D197-4AE2-9620-34A606D44B97}.Release|Any CPU.ActiveCfg = Release|Any CPU
		{501E5B0A-D197-4AE2-9620-34A606D44B97}.Release|Any CPU.Build.0 = Release|Any CPU
		{ACA2A7F2-EB4E-4AD4-8B18-5290F2AA17F9}.Debug|Any CPU.ActiveCfg = Debug|Any CPU
		{ACA2A7F2-EB4E-4AD4-8B18-5290F2AA17F9}.Debug|Any CPU.Build.0 = Debug|Any CPU
		{ACA2A7F2-EB4E-4AD4-8B18-5290F2AA17F9}.Release|Any CPU.ActiveCfg = Release|Any CPU
		{ACA2A7F2-EB4E-4AD4-8B18-5290F2AA17F9}.Release|Any CPU.Build.0 = Release|Any CPU
		{6E888251-4AAD-464C-AF85-68D70ABE4627}.Debug|Any CPU.ActiveCfg = Debug|Any CPU
		{6E888251-4AAD-464C-AF85-68D70ABE4627}.Debug|Any CPU.Build.0 = Debug|Any CPU
		{6E888251-4AAD-464C-AF85-68D70ABE4627}.Release|Any CPU.ActiveCfg = Release|Any CPU
		{6E888251-4AAD-464C-AF85-68D70ABE4627}.Release|Any CPU.Build.0 = Release|Any CPU
		{EB3F30A8-BA77-4AFC-8FBD-1AB164F21DC2}.Debug|Any CPU.ActiveCfg = Debug|Any CPU
		{EB3F30A8-BA77-4AFC-8FBD-1AB164F21DC2}.Debug|Any CPU.Build.0 = Debug|Any CPU
		{EB3F30A8-BA77-4AFC-8FBD-1AB164F21DC2}.Release|Any CPU.ActiveCfg = Release|Any CPU
		{EB3F30A8-BA77-4AFC-8FBD-1AB164F21DC2}.Release|Any CPU.Build.0 = Release|Any CPU
		{C9BF5433-D241-4DB7-8CBB-EFF2BABE1A8E}.Debug|Any CPU.ActiveCfg = Debug|Any CPU
		{C9BF5433-D241-4DB7-8CBB-EFF2BABE1A8E}.Debug|Any CPU.Build.0 = Debug|Any CPU
		{C9BF5433-D241-4DB7-8CBB-EFF2BABE1A8E}.Release|Any CPU.ActiveCfg = Release|Any CPU
		{C9BF5433-D241-4DB7-8CBB-EFF2BABE1A8E}.Release|Any CPU.Build.0 = Release|Any CPU
		{D898C6B4-16DE-4C41-A386-C01B881F6A05}.Debug|Any CPU.ActiveCfg = Debug|Any CPU
		{D898C6B4-16DE-4C41-A386-C01B881F6A05}.Debug|Any CPU.Build.0 = Debug|Any CPU
		{D898C6B4-16DE-4C41-A386-C01B881F6A05}.Release|Any CPU.ActiveCfg = Release|Any CPU
		{D898C6B4-16DE-4C41-A386-C01B881F6A05}.Release|Any CPU.Build.0 = Release|Any CPU
		{A6C09296-F3EE-4F64-9773-D23FFEFF0D88}.Debug|Any CPU.ActiveCfg = Debug|Any CPU
		{A6C09296-F3EE-4F64-9773-D23FFEFF0D88}.Debug|Any CPU.Build.0 = Debug|Any CPU
		{A6C09296-F3EE-4F64-9773-D23FFEFF0D88}.Release|Any CPU.ActiveCfg = Release|Any CPU
		{A6C09296-F3EE-4F64-9773-D23FFEFF0D88}.Release|Any CPU.Build.0 = Release|Any CPU
		{FFAAB515-96C9-45F5-96B0-60CEA496CC98}.Debug|Any CPU.ActiveCfg = Debug|Any CPU
		{FFAAB515-96C9-45F5-96B0-60CEA496CC98}.Debug|Any CPU.Build.0 = Debug|Any CPU
		{FFAAB515-96C9-45F5-96B0-60CEA496CC98}.Release|Any CPU.ActiveCfg = Release|Any CPU
		{FFAAB515-96C9-45F5-96B0-60CEA496CC98}.Release|Any CPU.Build.0 = Release|Any CPU
		{4E896B82-B18E-4C7E-9CA5-5A607E8BF44C}.Debug|Any CPU.ActiveCfg = Debug|Any CPU
		{4E896B82-B18E-4C7E-9CA5-5A607E8BF44C}.Debug|Any CPU.Build.0 = Debug|Any CPU
		{4E896B82-B18E-4C7E-9CA5-5A607E8BF44C}.Release|Any CPU.ActiveCfg = Release|Any CPU
		{4E896B82-B18E-4C7E-9CA5-5A607E8BF44C}.Release|Any CPU.Build.0 = Release|Any CPU
		{318F36BD-2BA0-4EBC-BB6C-6DBA073060D8}.Debug|Any CPU.ActiveCfg = Debug|Any CPU
		{318F36BD-2BA0-4EBC-BB6C-6DBA073060D8}.Debug|Any CPU.Build.0 = Debug|Any CPU
		{318F36BD-2BA0-4EBC-BB6C-6DBA073060D8}.Release|Any CPU.ActiveCfg = Release|Any CPU
		{318F36BD-2BA0-4EBC-BB6C-6DBA073060D8}.Release|Any CPU.Build.0 = Release|Any CPU
		{D6E86840-6EE0-4034-B019-B6EDE8B9B66A}.Debug|Any CPU.ActiveCfg = Debug|Any CPU
		{D6E86840-6EE0-4034-B019-B6EDE8B9B66A}.Debug|Any CPU.Build.0 = Debug|Any CPU
		{D6E86840-6EE0-4034-B019-B6EDE8B9B66A}.Release|Any CPU.ActiveCfg = Release|Any CPU
		{D6E86840-6EE0-4034-B019-B6EDE8B9B66A}.Release|Any CPU.Build.0 = Release|Any CPU
		{7010FC60-47FA-43B0-B198-81A7712ABFDC}.Debug|Any CPU.ActiveCfg = Debug|Any CPU
		{7010FC60-47FA-43B0-B198-81A7712ABFDC}.Debug|Any CPU.Build.0 = Debug|Any CPU
		{7010FC60-47FA-43B0-B198-81A7712ABFDC}.Release|Any CPU.ActiveCfg = Release|Any CPU
		{7010FC60-47FA-43B0-B198-81A7712ABFDC}.Release|Any CPU.Build.0 = Release|Any CPU
	EndGlobalSection
	GlobalSection(NestedProjects) = preSolution
		{388C87CE-F1AE-4BA3-8288-E0B980BFA651} = {67B0D9B5-4B70-44FE-8CF7-8271C02EA36A}
		{A437BB94-7549-42FE-9A18-0BD61CC58A9F} = {069FA112-59B2-4731-A611-E4A75C1E199D}
		{AEB22275-0D1A-4D1F-A20D-8AE26F333774} = {069FA112-59B2-4731-A611-E4A75C1E199D}
		{04EDC999-B95A-40BB-A2BA-DF404ED66EC8} = {FAC49FD6-ABFA-4955-AD23-B2A8295A5C13}
		{501E5B0A-D197-4AE2-9620-34A606D44B97} = {FAC49FD6-ABFA-4955-AD23-B2A8295A5C13}
		{6E888251-4AAD-464C-AF85-68D70ABE4627} = {FAC49FD6-ABFA-4955-AD23-B2A8295A5C13}
		{ACA2A7F2-EB4E-4AD4-8B18-5290F2AA17F9} = {FAC49FD6-ABFA-4955-AD23-B2A8295A5C13}
		{EB3F30A8-BA77-4AFC-8FBD-1AB164F21DC2} = {C21631BE-BFCC-4E4A-8F83-DDE8EB23DF53}
		{C9BF5433-D241-4DB7-8CBB-EFF2BABE1A8E} = {C21631BE-BFCC-4E4A-8F83-DDE8EB23DF53}
		{D898C6B4-16DE-4C41-A386-C01B881F6A05} = {069FA112-59B2-4731-A611-E4A75C1E199D}
		{A6C09296-F3EE-4F64-9773-D23FFEFF0D88} = {069FA112-59B2-4731-A611-E4A75C1E199D}
		{FFAAB515-96C9-45F5-96B0-60CEA496CC98} = {67B0D9B5-4B70-44FE-8CF7-8271C02EA36A}
		{4E896B82-B18E-4C7E-9CA5-5A607E8BF44C} = {069FA112-59B2-4731-A611-E4A75C1E199D}
		{318F36BD-2BA0-4EBC-BB6C-6DBA073060D8} = {069FA112-59B2-4731-A611-E4A75C1E199D}
		{D6E86840-6EE0-4034-B019-B6EDE8B9B66A} = {67B0D9B5-4B70-44FE-8CF7-8271C02EA36A}
		{7010FC60-47FA-43B0-B198-81A7712ABFDC} = {67B0D9B5-4B70-44FE-8CF7-8271C02EA36A}
	EndGlobalSection
EndGlobal
